
Microsoft Visual Studio Solution File, Format Version 12.00
# Visual Studio 15
VisualStudioVersion = 15.0.28307.539
MinimumVisualStudioVersion = 10.0.40219.1
Project("{FAE04EC0-301F-11D3-BF4B-00C04F79EFBC}") = "SistemaConsolePacientes", "SistemaConsolePacientes\SistemaConsolePacientes.csproj", "{D370D7D0-1305-48E3-B117-933945B203DA}"
EndProject
Global
	GlobalSection(SolutionConfigurationPlatforms) = preSolution
		Debug|Any CPU = Debug|Any CPU
		Release|Any CPU = Release|Any CPU
	EndGlobalSection
	GlobalSection(ProjectConfigurationPlatforms) = postSolution
		{D370D7D0-1305-48E3-B117-933945B203DA}.Debug|Any CPU.ActiveCfg = Debug|Any CPU
		{D370D7D0-1305-48E3-B117-933945B203DA}.Debug|Any CPU.Build.0 = Debug|Any CPU
		{D370D7D0-1305-48E3-B117-933945B203DA}.Release|Any CPU.ActiveCfg = Release|Any CPU
		{D370D7D0-1305-48E3-B117-933945B203DA}.Release|Any CPU.Build.0 = Release|Any CPU
	EndGlobalSection
	GlobalSection(SolutionProperties) = preSolution
		HideSolutionNode = FALSE
	EndGlobalSection
	GlobalSection(ExtensibilityGlobals) = postSolution
		SolutionGuid = {EB870F86-2797-47A7-93EF-B58D207AB6E2}
	EndGlobalSection
EndGlobal
